// !$*UTF8*$!
{
	archiveVersion = 1;
	classes = {
	};
	objectVersion = 56;
	objects = {

/* Begin PBXBuildFile section */
		CEB98DD12ABE861200DAC6F8 /* AddExpenseView.swift in Sources */ = {isa = PBXBuildFile; fileRef = CEB98DD02ABE861200DAC6F8 /* AddExpenseView.swift */; };
		CEB98DD32ABE919B00DAC6F8 /* ExpenseView.swift in Sources */ = {isa = PBXBuildFile; fileRef = CEB98DD22ABE919B00DAC6F8 /* ExpenseView.swift */; };
		CEB9EEFA2ABDAC50007A3453 /* logExpenseApp.swift in Sources */ = {isa = PBXBuildFile; fileRef = CEB9EEF92ABDAC50007A3453 /* logExpenseApp.swift */; };
		CEB9EEFC2ABDAC50007A3453 /* ExpenseListView.swift in Sources */ = {isa = PBXBuildFile; fileRef = CEB9EEFB2ABDAC50007A3453 /* ExpenseListView.swift */; };
		CEB9EEFE2ABDAC51007A3453 /* Assets.xcassets in Resources */ = {isa = PBXBuildFile; fileRef = CEB9EEFD2ABDAC51007A3453 /* Assets.xcassets */; };
		CEB9EF012ABDAC51007A3453 /* Preview Assets.xcassets in Resources */ = {isa = PBXBuildFile; fileRef = CEB9EF002ABDAC51007A3453 /* Preview Assets.xcassets */; };
		CEB9EF0A2ABDAD82007A3453 /* Expense.swift in Sources */ = {isa = PBXBuildFile; fileRef = CEB9EF092ABDAD82007A3453 /* Expense.swift */; };
		CEB9EF0C2ABDAE20007A3453 /* ExpenseType.swift in Sources */ = {isa = PBXBuildFile; fileRef = CEB9EF0B2ABDAE20007A3453 /* ExpenseType.swift */; };
		CEB9EF0E2ABDAEAC007A3453 /* ExpenseList.swift in Sources */ = {isa = PBXBuildFile; fileRef = CEB9EF0D2ABDAEAC007A3453 /* ExpenseList.swift */; };
/* End PBXBuildFile section */

/* Begin PBXFileReference section */
		CEB98DD02ABE861200DAC6F8 /* AddExpenseView.swift */ = {isa = PBXFileReference; lastKnownFileType = sourcecode.swift; path = AddExpenseView.swift; sourceTree = "<group>"; };
		CEB98DD22ABE919B00DAC6F8 /* ExpenseView.swift */ = {isa = PBXFileReference; lastKnownFileType = sourcecode.swift; path = ExpenseView.swift; sourceTree = "<group>"; };
		CEB9EEF62ABDAC50007A3453 /* logExpense.app */ = {isa = PBXFileReference; explicitFileType = wrapper.application; includeInIndex = 0; path = logExpense.app; sourceTree = BUILT_PRODUCTS_DIR; };
		CEB9EEF92ABDAC50007A3453 /* logExpenseApp.swift */ = {isa = PBXFileReference; lastKnownFileType = sourcecode.swift; path = logExpenseApp.swift; sourceTree = "<group>"; };
		CEB9EEFB2ABDAC50007A3453 /* ExpenseListView.swift */ = {isa = PBXFileReference; lastKnownFileType = sourcecode.swift; path = ExpenseListView.swift; sourceTree = "<group>"; };
		CEB9EEFD2ABDAC51007A3453 /* Assets.xcassets */ = {isa = PBXFileReference; lastKnownFileType = folder.assetcatalog; path = Assets.xcassets; sourceTree = "<group>"; };
		CEB9EF002ABDAC51007A3453 /* Preview Assets.xcassets */ = {isa = PBXFileReference; lastKnownFileType = folder.assetcatalog; path = "Preview Assets.xcassets"; sourceTree = "<group>"; };
		CEB9EF092ABDAD82007A3453 /* Expense.swift */ = {isa = PBXFileReference; lastKnownFileType = sourcecode.swift; path = Expense.swift; sourceTree = "<group>"; };
		CEB9EF0B2ABDAE20007A3453 /* ExpenseType.swift */ = {isa = PBXFileReference; lastKnownFileType = sourcecode.swift; path = ExpenseType.swift; sourceTree = "<group>"; };
		CEB9EF0D2ABDAEAC007A3453 /* ExpenseList.swift */ = {isa = PBXFileReference; lastKnownFileType = sourcecode.swift; path = ExpenseList.swift; sourceTree = "<group>"; };
/* End PBXFileReference section */

/* Begin PBXFrameworksBuildPhase section */
		CEB9EEF32ABDAC50007A3453 /* Frameworks */ = {
			isa = PBXFrameworksBuildPhase;
			buildActionMask = 2147483647;
			files = (
			);
			runOnlyForDeploymentPostprocessing = 0;
		};
/* End PBXFrameworksBuildPhase section */

/* Begin PBXGroup section */
		CEB9EEED2ABDAC50007A3453 = {
			isa = PBXGroup;
			children = (
				CEB9EEF82ABDAC50007A3453 /* logExpense */,
				CEB9EEF72ABDAC50007A3453 /* Products */,
			);
			sourceTree = "<group>";
		};
		CEB9EEF72ABDAC50007A3453 /* Products */ = {
			isa = PBXGroup;
			children = (
				CEB9EEF62ABDAC50007A3453 /* logExpense.app */,
			);
			name = Products;
			sourceTree = "<group>";
		};
		CEB9EEF82ABDAC50007A3453 /* logExpense */ = {
			isa = PBXGroup;
			children = (
				CEB9EEF92ABDAC50007A3453 /* logExpenseApp.swift */,
				CEB9EF082ABDAC74007A3453 /* Views */,
				CEB9EF072ABDAC70007A3453 /* Models */,
				CEB9EEFD2ABDAC51007A3453 /* Assets.xcassets */,
				CEB9EEFF2ABDAC51007A3453 /* Preview Content */,
			);
			path = logExpense;
			sourceTree = "<group>";
		};
		CEB9EEFF2ABDAC51007A3453 /* Preview Content */ = {
			isa = PBXGroup;
			children = (
				CEB9EF002ABDAC51007A3453 /* Preview Assets.xcassets */,
			);
			path = "Preview Content";
			sourceTree = "<group>";
		};
		CEB9EF072ABDAC70007A3453 /* Models */ = {
			isa = PBXGroup;
			children = (
				CEB9EF092ABDAD82007A3453 /* Expense.swift */,
				CEB9EF0D2ABDAEAC007A3453 /* ExpenseList.swift */,
				CEB9EF0B2ABDAE20007A3453 /* ExpenseType.swift */,
			);
			path = Models;
			sourceTree = "<group>";
		};
		CEB9EF082ABDAC74007A3453 /* Views */ = {
			isa = PBXGroup;
			children = (
				CEB9EEFB2ABDAC50007A3453 /* ExpenseListView.swift */,
				CEB98DD22ABE919B00DAC6F8 /* ExpenseView.swift */,
				CEB98DD02ABE861200DAC6F8 /* AddExpenseView.swift */,
			);
			path = Views;
			sourceTree = "<group>";
		};
/* End PBXGroup section */

/* Begin PBXNativeTarget section */
		CEB9EEF52ABDAC50007A3453 /* logExpense */ = {
			isa = PBXNativeTarget;
			buildConfigurationList = CEB9EF042ABDAC51007A3453 /* Build configuration list for PBXNativeTarget "logExpense" */;
			buildPhases = (
				CEB9EEF22ABDAC50007A3453 /* Sources */,
				CEB9EEF32ABDAC50007A3453 /* Frameworks */,
				CEB9EEF42ABDAC50007A3453 /* Resources */,
			);
			buildRules = (
			);
			dependencies = (
			);
			name = logExpense;
			productName = logExpense;
			productReference = CEB9EEF62ABDAC50007A3453 /* logExpense.app */;
			productType = "com.apple.product-type.application";
		};
/* End PBXNativeTarget section */

/* Begin PBXProject section */
		CEB9EEEE2ABDAC50007A3453 /* Project object */ = {
			isa = PBXProject;
			attributes = {
				BuildIndependentTargetsInParallel = 1;
				LastSwiftUpdateCheck = 1500;
				LastUpgradeCheck = 1500;
				TargetAttributes = {
					CEB9EEF52ABDAC50007A3453 = {
						CreatedOnToolsVersion = 15.0;
					};
				};
			};
			buildConfigurationList = CEB9EEF12ABDAC50007A3453 /* Build configuration list for PBXProject "logExpense" */;
			compatibilityVersion = "Xcode 14.0";
			developmentRegion = en;
			hasScannedForEncodings = 0;
			knownRegions = (
				en,
				Base,
			);
			mainGroup = CEB9EEED2ABDAC50007A3453;
			productRefGroup = CEB9EEF72ABDAC50007A3453 /* Products */;
			projectDirPath = "";
			projectRoot = "";
			targets = (
				CEB9EEF52ABDAC50007A3453 /* logExpense */,
			);
		};
/* End PBXProject section */

/* Begin PBXResourcesBuildPhase section */
		CEB9EEF42ABDAC50007A3453 /* Resources */ = {
			isa = PBXResourcesBuildPhase;
			buildActionMask = 2147483647;
			files = (
				CEB9EF012ABDAC51007A3453 /* Preview Assets.xcassets in Resources */,
				CEB9EEFE2ABDAC51007A3453 /* Assets.xcassets in Resources */,
			);
			runOnlyForDeploymentPostprocessing = 0;
		};
/* End PBXResourcesBuildPhase section */

/* Begin PBXSourcesBuildPhase section */
		CEB9EEF22ABDAC50007A3453 /* Sources */ = {
			isa = PBXSourcesBuildPhase;
			buildActionMask = 2147483647;
			files = (
				CEB9EF0A2ABDAD82007A3453 /* Expense.swift in Sources */,
				CEB9EF0E2ABDAEAC007A3453 /* ExpenseList.swift in Sources */,
				CEB9EEFC2ABDAC50007A3453 /* ExpenseListView.swift in Sources */,
				CEB98DD32ABE919B00DAC6F8 /* ExpenseView.swift in Sources */,
				CEB98DD12ABE861200DAC6F8 /* AddExpenseView.swift in Sources */,
				CEB9EF0C2ABDAE20007A3453 /* ExpenseType.swift in Sources */,
				CEB9EEFA2ABDAC50007A3453 /* logExpenseApp.swift in Sources */,
			);
			runOnlyForDeploymentPostprocessing = 0;
		};
/* End PBXSourcesBuildPhase section */

/* Begin XCBuildConfiguration section */
		CEB9EF022ABDAC51007A3453 /* Debug */ = {
			isa = XCBuildConfiguration;
			buildSettings = {
				ALWAYS_SEARCH_USER_PATHS = NO;
				ASSETCATALOG_COMPILER_GENERATE_SWIFT_ASSET_SYMBOL_EXTENSIONS = YES;
				CLANG_ANALYZER_NONNULL = YES;
				CLANG_ANALYZER_NUMBER_OBJECT_CONVERSION = YES_AGGRESSIVE;
				CLANG_CXX_LANGUAGE_STANDARD = "gnu++20";
				CLANG_ENABLE_MODULES = YES;
				CLANG_ENABLE_OBJC_ARC = YES;
				CLANG_ENABLE_OBJC_WEAK = YES;
				CLANG_WARN_BLOCK_CAPTURE_AUTORELEASING = YES;
				CLANG_WARN_BOOL_CONVERSION = YES;
				CLANG_WARN_COMMA = YES;
				CLANG_WARN_CONSTANT_CONVERSION = YES;
				CLANG_WARN_DEPRECATED_OBJC_IMPLEMENTATIONS = YES;
				CLANG_WARN_DIRECT_OBJC_ISA_USAGE = YES_ERROR;
				CLANG_WARN_DOCUMENTATION_COMMENTS = YES;
				CLANG_WARN_EMPTY_BODY = YES;
				CLANG_WARN_ENUM_CONVERSION = YES;
				CLANG_WARN_INFINITE_RECURSION = YES;
				CLANG_WARN_INT_CONVERSION = YES;
				CLANG_WARN_NON_LITERAL_NULL_CONVERSION = YES;
				CLANG_WARN_OBJC_IMPLICIT_RETAIN_SELF = YES;
				CLANG_WARN_OBJC_LITERAL_CONVERSION = YES;
				CLANG_WARN_OBJC_ROOT_CLASS = YES_ERROR;
				CLANG_WARN_QUOTED_INCLUDE_IN_FRAMEWORK_HEADER = YES;
				CLANG_WARN_RANGE_LOOP_ANALYSIS = YES;
				CLANG_WARN_STRICT_PROTOTYPES = YES;
				CLANG_WARN_SUSPICIOUS_MOVE = YES;
				CLANG_WARN_UNGUARDED_AVAILABILITY = YES_AGGRESSIVE;
				CLANG_WARN_UNREACHABLE_CODE = YES;
				CLANG_WARN__DUPLICATE_METHOD_MATCH = YES;
				COPY_PHASE_STRIP = NO;
				DEBUG_INFORMATION_FORMAT = dwarf;
				ENABLE_STRICT_OBJC_MSGSEND = YES;
				ENABLE_TESTABILITY = YES;
				ENABLE_USER_SCRIPT_SANDBOXING = YES;
				GCC_C_LANGUAGE_STANDARD = gnu17;
				GCC_DYNAMIC_NO_PIC = NO;
				GCC_NO_COMMON_BLOCKS = YES;
				GCC_OPTIMIZATION_LEVEL = 0;
				GCC_PREPROCESSOR_DEFINITIONS = (
					"DEBUG=1",
					"$(inherited)",
				);
				GCC_WARN_64_TO_32_BIT_CONVERSION = YES;
				GCC_WARN_ABOUT_RETURN_TYPE = YES_ERROR;
				GCC_WARN_UNDECLARED_SELECTOR = YES;
				GCC_WARN_UNINITIALIZED_AUTOS = YES_AGGRESSIVE;
				GCC_WARN_UNUSED_FUNCTION = YES;
				GCC_WARN_UNUSED_VARIABLE = YES;
				IPHONEOS_DEPLOYMENT_TARGET = 17.0;
				LOCALIZATION_PREFERS_STRING_CATALOGS = YES;
				MTL_ENABLE_DEBUG_INFO = INCLUDE_SOURCE;
				MTL_FAST_MATH = YES;
				ONLY_ACTIVE_ARCH = YES;
				SDKROOT = iphoneos;
				SWIFT_ACTIVE_COMPILATION_CONDITIONS = "DEBUG $(inherited)";
				SWIFT_OPTIMIZATION_LEVEL = "-Onone";
			};
			name = Debug;
		};
		CEB9EF032ABDAC51007A3453 /* Release */ = {
			isa = XCBuildConfiguration;
			buildSettings = {
				ALWAYS_SEARCH_USER_PATHS = NO;
				ASSETCATALOG_COMPILER_GENERATE_SWIFT_ASSET_SYMBOL_EXTENSIONS = YES;
				CLANG_ANALYZER_NONNULL = YES;
				CLANG_ANALYZER_NUMBER_OBJECT_CONVERSION = YES_AGGRESSIVE;
				CLANG_CXX_LANGUAGE_STANDARD = "gnu++20";
				CLANG_ENABLE_MODULES = YES;
				CLANG_ENABLE_OBJC_ARC = YES;
				CLANG_ENABLE_OBJC_WEAK = YES;
				CLANG_WARN_BLOCK_CAPTURE_AUTORELEASING = YES;
				CLANG_WARN_BOOL_CONVERSION = YES;
				CLANG_WARN_COMMA = YES;
				CLANG_WARN_CONSTANT_CONVERSION = YES;
				CLANG_WARN_DEPRECATED_OBJC_IMPLEMENTATIONS = YES;
				CLANG_WARN_DIRECT_OBJC_ISA_USAGE = YES_ERROR;
				CLANG_WARN_DOCUMENTATION_COMMENTS = YES;
				CLANG_WARN_EMPTY_BODY = YES;
				CLANG_WARN_ENUM_CONVERSION = YES;
				CLANG_WARN_INFINITE_RECURSION = YES;
				CLANG_WARN_INT_CONVERSION = YES;
				CLANG_WARN_NON_LITERAL_NULL_CONVERSION = YES;
				CLANG_WARN_OBJC_IMPLICIT_RETAIN_SELF = YES;
				CLANG_WARN_OBJC_LITERAL_CONVERSION = YES;
				CLANG_WARN_OBJC_ROOT_CLASS = YES_ERROR;
				CLANG_WARN_QUOTED_INCLUDE_IN_FRAMEWORK_HEADER = YES;
				CLANG_WARN_RANGE_LOOP_ANALYSIS = YES;
				CLANG_WARN_STRICT_PROTOTYPES = YES;
				CLANG_WARN_SUSPICIOUS_MOVE = YES;
				CLANG_WARN_UNGUARDED_AVAILABILITY = YES_AGGRESSIVE;
				CLANG_WARN_UNREACHABLE_CODE = YES;
				CLANG_WARN__DUPLICATE_METHOD_MATCH = YES;
				COPY_PHASE_STRIP = NO;
				DEBUG_INFORMATION_FORMAT = "dwarf-with-dsym";
				ENABLE_NS_ASSERTIONS = NO;
				ENABLE_STRICT_OBJC_MSGSEND = YES;
				ENABLE_USER_SCRIPT_SANDBOXING = YES;
				GCC_C_LANGUAGE_STANDARD = gnu17;
				GCC_NO_COMMON_BLOCKS = YES;
				GCC_WARN_64_TO_32_BIT_CONVERSION = YES;
				GCC_WARN_ABOUT_RETURN_TYPE = YES_ERROR;
				GCC_WARN_UNDECLARED_SELECTOR = YES;
				GCC_WARN_UNINITIALIZED_AUTOS = YES_AGGRESSIVE;
				GCC_WARN_UNUSED_FUNCTION = YES;
				GCC_WARN_UNUSED_VARIABLE = YES;
				IPHONEOS_DEPLOYMENT_TARGET = 17.0;
				LOCALIZATION_PREFERS_STRING_CATALOGS = YES;
				MTL_ENABLE_DEBUG_INFO = NO;
				MTL_FAST_MATH = YES;
				SDKROOT = iphoneos;
				SWIFT_COMPILATION_MODE = wholemodule;
				VALIDATE_PRODUCT = YES;
			};
			name = Release;
		};
		CEB9EF052ABDAC51007A3453 /* Debug */ = {
			isa = XCBuildConfiguration;
			buildSettings = {
				ASSETCATALOG_COMPILER_APPICON_NAME = AppIcon;
				ASSETCATALOG_COMPILER_GLOBAL_ACCENT_COLOR_NAME = AccentColor;
				CODE_SIGN_STYLE = Automatic;
				CURRENT_PROJECT_VERSION = 1;
				DEVELOPMENT_ASSET_PATHS = "\"logExpense/Preview Content\"";
				DEVELOPMENT_TEAM = KL3TQFH3HV;
				ENABLE_PREVIEWS = YES;
				GENERATE_INFOPLIST_FILE = YES;
				INFOPLIST_KEY_UIApplicationSceneManifest_Generation = YES;
				INFOPLIST_KEY_UIApplicationSupportsIndirectInputEvents = YES;
				INFOPLIST_KEY_UILaunchScreen_Generation = YES;
				INFOPLIST_KEY_UISupportedInterfaceOrientations_iPad = "UIInterfaceOrientationPortrait UIInterfaceOrientationPortraitUpsideDown UIInterfaceOrientationLandscapeLeft UIInterfaceOrientationLandscapeRight";
				INFOPLIST_KEY_UISupportedInterfaceOrientations_iPhone = "UIInterfaceOrientationPortrait UIInterfaceOrientationLandscapeLeft UIInterfaceOrientationLandscapeRight";
				LD_RUNPATH_SEARCH_PATHS = (
					"$(inherited)",
					"@executable_path/Frameworks",
				);
				MARKETING_VERSION = 1.0;
				PRODUCT_BUNDLE_IDENTIFIER = me.islam.nowroz.logExpense;
				PRODUCT_NAME = "$(TARGET_NAME)";
				SWIFT_EMIT_LOC_STRINGS = YES;
				SWIFT_VERSION = 5.0;
				TARGETED_DEVICE_FAMILY = "1,2";
			};
			name = Debug;
		};
		CEB9EF062ABDAC51007A3453 /* Release */ = {
			isa = XCBuildConfiguration;
			buildSettings = {
				ASSETCATALOG_COMPILER_APPICON_NAME = AppIcon;
				ASSETCATALOG_COMPILER_GLOBAL_ACCENT_COLOR_NAME = AccentColor;
				CODE_SIGN_STYLE = Automatic;
				CURRENT_PROJECT_VERSION = 1;
				DEVELOPMENT_ASSET_PATHS = "\"logExpense/Preview Content\"";
				DEVELOPMENT_TEAM = KL3TQFH3HV;
				ENABLE_PREVIEWS = YES;
				GENERATE_INFOPLIST_FILE = YES;
				INFOPLIST_KEY_UIApplicationSceneManifest_Generation = YES;
				INFOPLIST_KEY_UIApplicationSupportsIndirectInputEvents = YES;
				INFOPLIST_KEY_UILaunchScreen_Generation = YES;
				INFOPLIST_KEY_UISupportedInterfaceOrientations_iPad = "UIInterfaceOrientationPortrait UIInterfaceOrientationPortraitUpsideDown UIInterfaceOrientationLandscapeLeft UIInterfaceOrientationLandscapeRight";
				INFOPLIST_KEY_UISupportedInterfaceOrientations_iPhone = "UIInterfaceOrientationPortrait UIInterfaceOrientationLandscapeLeft UIInterfaceOrientationLandscapeRight";
				LD_RUNPATH_SEARCH_PATHS = (
					"$(inherited)",
					"@executable_path/Frameworks",
				);
				MARKETING_VERSION = 1.0;
				PRODUCT_BUNDLE_IDENTIFIER = me.islam.nowroz.logExpense;
				PRODUCT_NAME = "$(TARGET_NAME)";
				SWIFT_EMIT_LOC_STRINGS = YES;
				SWIFT_VERSION = 5.0;
				TARGETED_DEVICE_FAMILY = "1,2";
			};
			name = Release;
		};
/* End XCBuildConfiguration section */

/* Begin XCConfigurationList section */
		CEB9EEF12ABDAC50007A3453 /* Build configuration list for PBXProject "logExpense" */ = {
			isa = XCConfigurationList;
			buildConfigurations = (
				CEB9EF022ABDAC51007A3453 /* Debug */,
				CEB9EF032ABDAC51007A3453 /* Release */,
			);
			defaultConfigurationIsVisible = 0;
			defaultConfigurationName = Release;
		};
		CEB9EF042ABDAC51007A3453 /* Build configuration list for PBXNativeTarget "logExpense" */ = {
			isa = XCConfigurationList;
			buildConfigurations = (
				CEB9EF052ABDAC51007A3453 /* Debug */,
				CEB9EF062ABDAC51007A3453 /* Release */,
			);
			defaultConfigurationIsVisible = 0;
			defaultConfigurationName = Release;
		};
/* End XCConfigurationList section */
	};
	rootObject = CEB9EEEE2ABDAC50007A3453 /* Project object */;
}
